// !$*UTF8*$!
{
	archiveVersion = 1;
	classes = {
	};
	objectVersion = 48;
	objects = {

/* Begin PBXBuildFile section */
		A5A4AC3A2004AE9700AB4EB1 /* AppDelegate.m in Sources */ = {isa = PBXBuildFile; fileRef = A5A4AC392004AE9700AB4EB1 /* AppDelegate.m */; };
		A5A4AC3D2004AE9700AB4EB1 /* ViewController.m in Sources */ = {isa = PBXBuildFile; fileRef = A5A4AC3C2004AE9700AB4EB1 /* ViewController.m */; };
		A5A4AC402004AE9700AB4EB1 /* Main.storyboard in Resources */ = {isa = PBXBuildFile; fileRef = A5A4AC3E2004AE9700AB4EB1 /* Main.storyboard */; };
		A5A4AC422004AE9700AB4EB1 /* Assets.xcassets in Resources */ = {isa = PBXBuildFile; fileRef = A5A4AC412004AE9700AB4EB1 /* Assets.xcassets */; };
		A5A4AC452004AE9700AB4EB1 /* LaunchScreen.storyboard in Resources */ = {isa = PBXBuildFile; fileRef = A5A4AC432004AE9700AB4EB1 /* LaunchScreen.storyboard */; };
		A5A4AC482004AE9700AB4EB1 /* main.m in Sources */ = {isa = PBXBuildFile; fileRef = A5A4AC472004AE9700AB4EB1 /* main.m */; };
		A5A4AC522004AE9700AB4EB1 /* SortDataTests.m in Sources */ = {isa = PBXBuildFile; fileRef = A5A4AC512004AE9700AB4EB1 /* SortDataTests.m */; };
		A5A4AC5D2004AE9800AB4EB1 /* SortDataUITests.m in Sources */ = {isa = PBXBuildFile; fileRef = A5A4AC5C2004AE9800AB4EB1 /* SortDataUITests.m */; };
		EA349C7F60D2C39BB04C78E5 /* libPods-SortData.a in Frameworks */ = {isa = PBXBuildFile; fileRef = AB266F0ED90A8E1234A196C1 /* libPods-SortData.a */; };
/* End PBXBuildFile section */

/* Begin PBXContainerItemProxy section */
		A5A4AC4E2004AE9700AB4EB1 /* PBXContainerItemProxy */ = {
			isa = PBXContainerItemProxy;
			containerPortal = A5A4AC2D2004AE9700AB4EB1 /* Project object */;
			proxyType = 1;
			remoteGlobalIDString = A5A4AC342004AE9700AB4EB1;
			remoteInfo = SortData;
		};
		A5A4AC592004AE9700AB4EB1 /* PBXContainerItemProxy */ = {
			isa = PBXContainerItemProxy;
			containerPortal = A5A4AC2D2004AE9700AB4EB1 /* Project object */;
			proxyType = 1;
			remoteGlobalIDString = A5A4AC342004AE9700AB4EB1;
			remoteInfo = SortData;
		};
/* End PBXContainerItemProxy section */

/* Begin PBXFileReference section */
		00941902661F894B7BD6AAB4 /* Pods-SortData.release.xcconfig */ = {isa = PBXFileReference; includeInIndex = 1; lastKnownFileType = text.xcconfig; name = "Pods-SortData.release.xcconfig"; path = "Pods/Target Support Files/Pods-SortData/Pods-SortData.release.xcconfig"; sourceTree = "<group>"; };
		A5A4AC352004AE9700AB4EB1 /* SortData.app */ = {isa = PBXFileReference; explicitFileType = wrapper.application; includeInIndex = 0; path = SortData.app; sourceTree = BUILT_PRODUCTS_DIR; };
		A5A4AC382004AE9700AB4EB1 /* AppDelegate.h */ = {isa = PBXFileReference; lastKnownFileType = sourcecode.c.h; path = AppDelegate.h; sourceTree = "<group>"; };
		A5A4AC392004AE9700AB4EB1 /* AppDelegate.m */ = {isa = PBXFileReference; lastKnownFileType = sourcecode.c.objc; path = AppDelegate.m; sourceTree = "<group>"; };
		A5A4AC3B2004AE9700AB4EB1 /* ViewController.h */ = {isa = PBXFileReference; lastKnownFileType = sourcecode.c.h; path = ViewController.h; sourceTree = "<group>"; };
		A5A4AC3C2004AE9700AB4EB1 /* ViewController.m */ = {isa = PBXFileReference; lastKnownFileType = sourcecode.c.objc; path = ViewController.m; sourceTree = "<group>"; };
		A5A4AC3F2004AE9700AB4EB1 /* Base */ = {isa = PBXFileReference; lastKnownFileType = file.storyboard; name = Base; path = Base.lproj/Main.storyboard; sourceTree = "<group>"; };
		A5A4AC412004AE9700AB4EB1 /* Assets.xcassets */ = {isa = PBXFileReference; lastKnownFileType = folder.assetcatalog; path = Assets.xcassets; sourceTree = "<group>"; };
		A5A4AC442004AE9700AB4EB1 /* Base */ = {isa = PBXFileReference; lastKnownFileType = file.storyboard; name = Base; path = Base.lproj/LaunchScreen.storyboard; sourceTree = "<group>"; };
		A5A4AC462004AE9700AB4EB1 /* Info.plist */ = {isa = PBXFileReference; lastKnownFileType = text.plist.xml; path = Info.plist; sourceTree = "<group>"; };
		A5A4AC472004AE9700AB4EB1 /* main.m */ = {isa = PBXFileReference; lastKnownFileType = sourcecode.c.objc; path = main.m; sourceTree = "<group>"; };
		A5A4AC4D2004AE9700AB4EB1 /* SortDataTests.xctest */ = {isa = PBXFileReference; explicitFileType = wrapper.cfbundle; includeInIndex = 0; path = SortDataTests.xctest; sourceTree = BUILT_PRODUCTS_DIR; };
		A5A4AC512004AE9700AB4EB1 /* SortDataTests.m */ = {isa = PBXFileReference; lastKnownFileType = sourcecode.c.objc; path = SortDataTests.m; sourceTree = "<group>"; };
		A5A4AC532004AE9700AB4EB1 /* Info.plist */ = {isa = PBXFileReference; lastKnownFileType = text.plist.xml; path = Info.plist; sourceTree = "<group>"; };
		A5A4AC582004AE9700AB4EB1 /* SortDataUITests.xctest */ = {isa = PBXFileReference; explicitFileType = wrapper.cfbundle; includeInIndex = 0; path = SortDataUITests.xctest; sourceTree = BUILT_PRODUCTS_DIR; };
		A5A4AC5C2004AE9800AB4EB1 /* SortDataUITests.m */ = {isa = PBXFileReference; lastKnownFileType = sourcecode.c.objc; path = SortDataUITests.m; sourceTree = "<group>"; };
		A5A4AC5E2004AE9800AB4EB1 /* Info.plist */ = {isa = PBXFileReference; lastKnownFileType = text.plist.xml; path = Info.plist; sourceTree = "<group>"; };
		AB266F0ED90A8E1234A196C1 /* libPods-SortData.a */ = {isa = PBXFileReference; explicitFileType = archive.ar; includeInIndex = 0; path = "libPods-SortData.a"; sourceTree = BUILT_PRODUCTS_DIR; };
		C483DFCEDD51363521537560 /* Pods-SortData.debug.xcconfig */ = {isa = PBXFileReference; includeInIndex = 1; lastKnownFileType = text.xcconfig; name = "Pods-SortData.debug.xcconfig"; path = "Pods/Target Support Files/Pods-SortData/Pods-SortData.debug.xcconfig"; sourceTree = "<group>"; };
/* End PBXFileReference section */

/* Begin PBXFrameworksBuildPhase section */
		A5A4AC322004AE9700AB4EB1 /* Frameworks */ = {
			isa = PBXFrameworksBuildPhase;
			buildActionMask = 2147483647;
			files = (
				EA349C7F60D2C39BB04C78E5 /* libPods-SortData.a in Frameworks */,
			);
			runOnlyForDeploymentPostprocessing = 0;
		};
		A5A4AC4A2004AE9700AB4EB1 /* Frameworks */ = {
			isa = PBXFrameworksBuildPhase;
			buildActionMask = 2147483647;
			files = (
			);
			runOnlyForDeploymentPostprocessing = 0;
		};
		A5A4AC552004AE9700AB4EB1 /* Frameworks */ = {
			isa = PBXFrameworksBuildPhase;
			buildActionMask = 2147483647;
			files = (
			);
			runOnlyForDeploymentPostprocessing = 0;
		};
/* End PBXFrameworksBuildPhase section */

/* Begin PBXGroup section */
		A5A4AC2C2004AE9700AB4EB1 = {
			isa = PBXGroup;
			children = (
				A5A4AC372004AE9700AB4EB1 /* SortData */,
				A5A4AC502004AE9700AB4EB1 /* SortDataTests */,
				A5A4AC5B2004AE9700AB4EB1 /* SortDataUITests */,
				A5A4AC362004AE9700AB4EB1 /* Products */,
				FA85DFF54F240644CEA1078A /* Pods */,
				C9D21E17450A275D8CF29630 /* Frameworks */,
			);
			sourceTree = "<group>";
		};
		A5A4AC362004AE9700AB4EB1 /* Products */ = {
			isa = PBXGroup;
			children = (
				A5A4AC352004AE9700AB4EB1 /* SortData.app */,
				A5A4AC4D2004AE9700AB4EB1 /* SortDataTests.xctest */,
				A5A4AC582004AE9700AB4EB1 /* SortDataUITests.xctest */,
			);
			name = Products;
			sourceTree = "<group>";
		};
		A5A4AC372004AE9700AB4EB1 /* SortData */ = {
			isa = PBXGroup;
			children = (
				A5A4AC382004AE9700AB4EB1 /* AppDelegate.h */,
				A5A4AC392004AE9700AB4EB1 /* AppDelegate.m */,
				A5A4AC3B2004AE9700AB4EB1 /* ViewController.h */,
				A5A4AC3C2004AE9700AB4EB1 /* ViewController.m */,
				A5A4AC3E2004AE9700AB4EB1 /* Main.storyboard */,
				A5A4AC412004AE9700AB4EB1 /* Assets.xcassets */,
				A5A4AC432004AE9700AB4EB1 /* LaunchScreen.storyboard */,
				A5A4AC462004AE9700AB4EB1 /* Info.plist */,
				A5A4AC472004AE9700AB4EB1 /* main.m */,
			);
			path = SortData;
			sourceTree = "<group>";
		};
		A5A4AC502004AE9700AB4EB1 /* SortDataTests */ = {
			isa = PBXGroup;
			children = (
				A5A4AC512004AE9700AB4EB1 /* SortDataTests.m */,
				A5A4AC532004AE9700AB4EB1 /* Info.plist */,
			);
			path = SortDataTests;
			sourceTree = "<group>";
		};
		A5A4AC5B2004AE9700AB4EB1 /* SortDataUITests */ = {
			isa = PBXGroup;
			children = (
				A5A4AC5C2004AE9800AB4EB1 /* SortDataUITests.m */,
				A5A4AC5E2004AE9800AB4EB1 /* Info.plist */,
			);
			path = SortDataUITests;
			sourceTree = "<group>";
		};
		C9D21E17450A275D8CF29630 /* Frameworks */ = {
			isa = PBXGroup;
			children = (
				AB266F0ED90A8E1234A196C1 /* libPods-SortData.a */,
			);
			name = Frameworks;
			sourceTree = "<group>";
		};
		FA85DFF54F240644CEA1078A /* Pods */ = {
			isa = PBXGroup;
			children = (
				C483DFCEDD51363521537560 /* Pods-SortData.debug.xcconfig */,
				00941902661F894B7BD6AAB4 /* Pods-SortData.release.xcconfig */,
			);
			name = Pods;
			sourceTree = "<group>";
		};
/* End PBXGroup section */

/* Begin PBXNativeTarget section */
		A5A4AC342004AE9700AB4EB1 /* SortData */ = {
			isa = PBXNativeTarget;
			buildConfigurationList = A5A4AC612004AE9800AB4EB1 /* Build configuration list for PBXNativeTarget "SortData" */;
			buildPhases = (
				F6B45BABC6E22859C946BBA6 /* [CP] Check Pods Manifest.lock */,
				A5A4AC312004AE9700AB4EB1 /* Sources */,
				A5A4AC322004AE9700AB4EB1 /* Frameworks */,
				A5A4AC332004AE9700AB4EB1 /* Resources */,
				AE70F0F3E99CB858B029E353 /* [CP] Embed Pods Frameworks */,
				2CFA8649E17C1B9741A3FCD0 /* [CP] Copy Pods Resources */,
			);
			buildRules = (
			);
			dependencies = (
			);
			name = SortData;
			productName = SortData;
			productReference = A5A4AC352004AE9700AB4EB1 /* SortData.app */;
			productType = "com.apple.product-type.application";
		};
		A5A4AC4C2004AE9700AB4EB1 /* SortDataTests */ = {
			isa = PBXNativeTarget;
			buildConfigurationList = A5A4AC642004AE9800AB4EB1 /* Build configuration list for PBXNativeTarget "SortDataTests" */;
			buildPhases = (
				A5A4AC492004AE9700AB4EB1 /* Sources */,
				A5A4AC4A2004AE9700AB4EB1 /* Frameworks */,
				A5A4AC4B2004AE9700AB4EB1 /* Resources */,
			);
			buildRules = (
			);
			dependencies = (
				A5A4AC4F2004AE9700AB4EB1 /* PBXTargetDependency */,
			);
			name = SortDataTests;
			productName = SortDataTests;
			productReference = A5A4AC4D2004AE9700AB4EB1 /* SortDataTests.xctest */;
			productType = "com.apple.product-type.bundle.unit-test";
		};
		A5A4AC572004AE9700AB4EB1 /* SortDataUITests */ = {
			isa = PBXNativeTarget;
			buildConfigurationList = A5A4AC672004AE9800AB4EB1 /* Build configuration list for PBXNativeTarget "SortDataUITests" */;
			buildPhases = (
				A5A4AC542004AE9700AB4EB1 /* Sources */,
				A5A4AC552004AE9700AB4EB1 /* Frameworks */,
				A5A4AC562004AE9700AB4EB1 /* Resources */,
			);
			buildRules = (
			);
			dependencies = (
				A5A4AC5A2004AE9700AB4EB1 /* PBXTargetDependency */,
			);
			name = SortDataUITests;
			productName = SortDataUITests;
			productReference = A5A4AC582004AE9700AB4EB1 /* SortDataUITests.xctest */;
			productType = "com.apple.product-type.bundle.ui-testing";
		};
/* End PBXNativeTarget section */

/* Begin PBXProject section */
		A5A4AC2D2004AE9700AB4EB1 /* Project object */ = {
			isa = PBXProject;
			attributes = {
				LastUpgradeCheck = 0920;
				ORGANIZATIONNAME = "shuanghui xu";
				TargetAttributes = {
					A5A4AC342004AE9700AB4EB1 = {
						CreatedOnToolsVersion = 9.2;
						ProvisioningStyle = Automatic;
					};
					A5A4AC4C2004AE9700AB4EB1 = {
						CreatedOnToolsVersion = 9.2;
						ProvisioningStyle = Automatic;
						TestTargetID = A5A4AC342004AE9700AB4EB1;
					};
					A5A4AC572004AE9700AB4EB1 = {
						CreatedOnToolsVersion = 9.2;
						ProvisioningStyle = Automatic;
						TestTargetID = A5A4AC342004AE9700AB4EB1;
					};
				};
			};
			buildConfigurationList = A5A4AC302004AE9700AB4EB1 /* Build configuration list for PBXProject "SortData" */;
			compatibilityVersion = "Xcode 8.0";
			developmentRegion = en;
			hasScannedForEncodings = 0;
			knownRegions = (
				en,
				Base,
			);
			mainGroup = A5A4AC2C2004AE9700AB4EB1;
			productRefGroup = A5A4AC362004AE9700AB4EB1 /* Products */;
			projectDirPath = "";
			projectRoot = "";
			targets = (
				A5A4AC342004AE9700AB4EB1 /* SortData */,
				A5A4AC4C2004AE9700AB4EB1 /* SortDataTests */,
				A5A4AC572004AE9700AB4EB1 /* SortDataUITests */,
			);
		};
/* End PBXProject section */

/* Begin PBXResourcesBuildPhase section */
		A5A4AC332004AE9700AB4EB1 /* Resources */ = {
			isa = PBXResourcesBuildPhase;
			buildActionMask = 2147483647;
			files = (
				A5A4AC452004AE9700AB4EB1 /* LaunchScreen.storyboard in Resources */,
				A5A4AC422004AE9700AB4EB1 /* Assets.xcassets in Resources */,
				A5A4AC402004AE9700AB4EB1 /* Main.storyboard in Resources */,
			);
			runOnlyForDeploymentPostprocessing = 0;
		};
		A5A4AC4B2004AE9700AB4EB1 /* Resources */ = {
			isa = PBXResourcesBuildPhase;
			buildActionMask = 2147483647;
			files = (
			);
			runOnlyForDeploymentPostprocessing = 0;
		};
		A5A4AC562004AE9700AB4EB1 /* Resources */ = {
			isa = PBXResourcesBuildPhase;
			buildActionMask = 2147483647;
			files = (
			);
			runOnlyForDeploymentPostprocessing = 0;
		};
/* End PBXResourcesBuildPhase section */

/* Begin PBXShellScriptBuildPhase section */
		2CFA8649E17C1B9741A3FCD0 /* [CP] Copy Pods Resources */ = {
			isa = PBXShellScriptBuildPhase;
			buildActionMask = 2147483647;
			files = (
			);
			inputPaths = (
			);
			name = "[CP] Copy Pods Resources";
			outputPaths = (
			);
			runOnlyForDeploymentPostprocessing = 0;
			shellPath = /bin/sh;
			shellScript = "\"${SRCROOT}/Pods/Target Support Files/Pods-SortData/Pods-SortData-resources.sh\"\n";
			showEnvVarsInLog = 0;
		};
		AE70F0F3E99CB858B029E353 /* [CP] Embed Pods Frameworks */ = {
			isa = PBXShellScriptBuildPhase;
			buildActionMask = 2147483647;
			files = (
			);
			inputPaths = (
			);
			name = "[CP] Embed Pods Frameworks";
			outputPaths = (
			);
			runOnlyForDeploymentPostprocessing = 0;
			shellPath = /bin/sh;
			shellScript = "\"${SRCROOT}/Pods/Target Support Files/Pods-SortData/Pods-SortData-frameworks.sh\"\n";
			showEnvVarsInLog = 0;
		};
		F6B45BABC6E22859C946BBA6 /* [CP] Check Pods Manifest.lock */ = {
			isa = PBXShellScriptBuildPhase;
			buildActionMask = 2147483647;
			files = (
			);
			inputPaths = (
				"${PODS_PODFILE_DIR_PATH}/Podfile.lock",
				"${PODS_ROOT}/Manifest.lock",
			);
			name = "[CP] Check Pods Manifest.lock";
			outputPaths = (
				"$(DERIVED_FILE_DIR)/Pods-SortData-checkManifestLockResult.txt",
			);
			runOnlyForDeploymentPostprocessing = 0;
			shellPath = /bin/sh;
			shellScript = "diff \"${PODS_PODFILE_DIR_PATH}/Podfile.lock\" \"${PODS_ROOT}/Manifest.lock\" > /dev/null\nif [ $? != 0 ] ; then\n    # print error to STDERR\n    echo \"error: The sandbox is not in sync with the Podfile.lock. Run 'pod install' or update your CocoaPods installation.\" >&2\n    exit 1\nfi\n# This output is used by Xcode 'outputs' to avoid re-running this script phase.\necho \"SUCCESS\" > \"${SCRIPT_OUTPUT_FILE_0}\"\n";
			showEnvVarsInLog = 0;
		};
/* End PBXShellScriptBuildPhase section */

/* Begin PBXSourcesBuildPhase section */
		A5A4AC312004AE9700AB4EB1 /* Sources */ = {
			isa = PBXSourcesBuildPhase;
			buildActionMask = 2147483647;
			files = (
				A5A4AC3D2004AE9700AB4EB1 /* ViewController.m in Sources */,
				A5A4AC482004AE9700AB4EB1 /* main.m in Sources */,
				A5A4AC3A2004AE9700AB4EB1 /* AppDelegate.m in Sources */,
			);
			runOnlyForDeploymentPostprocessing = 0;
		};
		A5A4AC492004AE9700AB4EB1 /* Sources */ = {
			isa = PBXSourcesBuildPhase;
			buildActionMask = 2147483647;
			files = (
				A5A4AC522004AE9700AB4EB1 /* SortDataTests.m in Sources */,
			);
			runOnlyForDeploymentPostprocessing = 0;
		};
		A5A4AC542004AE9700AB4EB1 /* Sources */ = {
			isa = PBXSourcesBuildPhase;
			buildActionMask = 2147483647;
			files = (
				A5A4AC5D2004AE9800AB4EB1 /* SortDataUITests.m in Sources */,
			);
			runOnlyForDeploymentPostprocessing = 0;
		};
/* End PBXSourcesBuildPhase section */

/* Begin PBXTargetDependency section */
		A5A4AC4F2004AE9700AB4EB1 /* PBXTargetDependency */ = {
			isa = PBXTargetDependency;
			target = A5A4AC342004AE9700AB4EB1 /* SortData */;
			targetProxy = A5A4AC4E2004AE9700AB4EB1 /* PBXContainerItemProxy */;
		};
		A5A4AC5A2004AE9700AB4EB1 /* PBXTargetDependency */ = {
			isa = PBXTargetDependency;
			target = A5A4AC342004AE9700AB4EB1 /* SortData */;
			targetProxy = A5A4AC592004AE9700AB4EB1 /* PBXContainerItemProxy */;
		};
/* End PBXTargetDependency section */

/* Begin PBXVariantGroup section */
		A5A4AC3E2004AE9700AB4EB1 /* Main.storyboard */ = {
			isa = PBXVariantGroup;
			children = (
				A5A4AC3F2004AE9700AB4EB1 /* Base */,
			);
			name = Main.storyboard;
			sourceTree = "<group>";
		};
		A5A4AC432004AE9700AB4EB1 /* LaunchScreen.storyboard */ = {
			isa = PBXVariantGroup;
			children = (
				A5A4AC442004AE9700AB4EB1 /* Base */,
			);
			name = LaunchScreen.storyboard;
			sourceTree = "<group>";
		};
/* End PBXVariantGroup section */

/* Begin XCBuildConfiguration section */
		A5A4AC5F2004AE9800AB4EB1 /* Debug */ = {
			isa = XCBuildConfiguration;
			buildSettings = {
				ALWAYS_SEARCH_USER_PATHS = NO;
				CLANG_ANALYZER_NONNULL = YES;
				CLANG_ANALYZER_NUMBER_OBJECT_CONVERSION = YES_AGGRESSIVE;
				CLANG_CXX_LANGUAGE_STANDARD = "gnu++14";
				CLANG_CXX_LIBRARY = "libc++";
				CLANG_ENABLE_MODULES = YES;
				CLANG_ENABLE_OBJC_ARC = YES;
				CLANG_WARN_BLOCK_CAPTURE_AUTORELEASING = YES;
				CLANG_WARN_BOOL_CONVERSION = YES;
				CLANG_WARN_COMMA = YES;
				CLANG_WARN_CONSTANT_CONVERSION = YES;
				CLANG_WARN_DIRECT_OBJC_ISA_USAGE = YES_ERROR;
				CLANG_WARN_DOCUMENTATION_COMMENTS = YES;
				CLANG_WARN_EMPTY_BODY = YES;
				CLANG_WARN_ENUM_CONVERSION = YES;
				CLANG_WARN_INFINITE_RECURSION = YES;
				CLANG_WARN_INT_CONVERSION = YES;
				CLANG_WARN_NON_LITERAL_NULL_CONVERSION = YES;
				CLANG_WARN_OBJC_LITERAL_CONVERSION = YES;
				CLANG_WARN_OBJC_ROOT_CLASS = YES_ERROR;
				CLANG_WARN_RANGE_LOOP_ANALYSIS = YES;
				CLANG_WARN_STRICT_PROTOTYPES = YES;
				CLANG_WARN_SUSPICIOUS_MOVE = YES;
				CLANG_WARN_UNGUARDED_AVAILABILITY = YES_AGGRESSIVE;
				CLANG_WARN_UNREACHABLE_CODE = YES;
				CLANG_WARN__DUPLICATE_METHOD_MATCH = YES;
				CODE_SIGN_IDENTITY = "iPhone Developer";
				COPY_PHASE_STRIP = NO;
				DEBUG_INFORMATION_FORMAT = dwarf;
				ENABLE_STRICT_OBJC_MSGSEND = YES;
				ENABLE_TESTABILITY = YES;
				GCC_C_LANGUAGE_STANDARD = gnu11;
				GCC_DYNAMIC_NO_PIC = NO;
				GCC_NO_COMMON_BLOCKS = YES;
				GCC_OPTIMIZATION_LEVEL = 0;
				GCC_PREPROCESSOR_DEFINITIONS = (
					"DEBUG=1",
					"$(inherited)",
				);
				GCC_WARN_64_TO_32_BIT_CONVERSION = YES;
				GCC_WARN_ABOUT_RETURN_TYPE = YES_ERROR;
				GCC_WARN_UNDECLARED_SELECTOR = YES;
				GCC_WARN_UNINITIALIZED_AUTOS = YES_AGGRESSIVE;
				GCC_WARN_UNUSED_FUNCTION = YES;
				GCC_WARN_UNUSED_VARIABLE = YES;
				IPHONEOS_DEPLOYMENT_TARGET = 11.2;
				MTL_ENABLE_DEBUG_INFO = YES;
				ONLY_ACTIVE_ARCH = YES;
				SDKROOT = iphoneos;
			};
			name = Debug;
		};
		A5A4AC602004AE9800AB4EB1 /* Release */ = {
			isa = XCBuildConfiguration;
			buildSettings = {
				ALWAYS_SEARCH_USER_PATHS = NO;
				CLANG_ANALYZER_NONNULL = YES;
				CLANG_ANALYZER_NUMBER_OBJECT_CONVERSION = YES_AGGRESSIVE;
				CLANG_CXX_LANGUAGE_STANDARD = "gnu++14";
				CLANG_CXX_LIBRARY = "libc++";
				CLANG_ENABLE_MODULES = YES;
				CLANG_ENABLE_OBJC_ARC = YES;
				CLANG_WARN_BLOCK_CAPTURE_AUTORELEASING = YES;
				CLANG_WARN_BOOL_CONVERSION = YES;
				CLANG_WARN_COMMA = YES;
				CLANG_WARN_CONSTANT_CONVERSION = YES;
				CLANG_WARN_DIRECT_OBJC_ISA_USAGE = YES_ERROR;
				CLANG_WARN_DOCUMENTATION_COMMENTS = YES;
				CLANG_WARN_EMPTY_BODY = YES;
				CLANG_WARN_ENUM_CONVERSION = YES;
				CLANG_WARN_INFINITE_RECURSION = YES;
				CLANG_WARN_INT_CONVERSION = YES;
				CLANG_WARN_NON_LITERAL_NULL_CONVERSION = YES;
				CLANG_WARN_OBJC_LITERAL_CONVERSION = YES;
				CLANG_WARN_OBJC_ROOT_CLASS = YES_ERROR;
				CLANG_WARN_RANGE_LOOP_ANALYSIS = YES;
				CLANG_WARN_STRICT_PROTOTYPES = YES;
				CLANG_WARN_SUSPICIOUS_MOVE = YES;
				CLANG_WARN_UNGUARDED_AVAILABILITY = YES_AGGRESSIVE;
				CLANG_WARN_UNREACHABLE_CODE = YES;
				CLANG_WARN__DUPLICATE_METHOD_MATCH = YES;
				CODE_SIGN_IDENTITY = "iPhone Developer";
				COPY_PHASE_STRIP = NO;
				DEBUG_INFORMATION_FORMAT = "dwarf-with-dsym";
				ENABLE_NS_ASSERTIONS = NO;
				ENABLE_STRICT_OBJC_MSGSEND = YES;
				GCC_C_LANGUAGE_STANDARD = gnu11;
				GCC_NO_COMMON_BLOCKS = YES;
				GCC_WARN_64_TO_32_BIT_CONVERSION = YES;
				GCC_WARN_ABOUT_RETURN_TYPE = YES_ERROR;
				GCC_WARN_UNDECLARED_SELECTOR = YES;
				GCC_WARN_UNINITIALIZED_AUTOS = YES_AGGRESSIVE;
				GCC_WARN_UNUSED_FUNCTION = YES;
				GCC_WARN_UNUSED_VARIABLE = YES;
				IPHONEOS_DEPLOYMENT_TARGET = 11.2;
				MTL_ENABLE_DEBUG_INFO = NO;
				SDKROOT = iphoneos;
				VALIDATE_PRODUCT = YES;
			};
			name = Release;
		};
		A5A4AC622004AE9800AB4EB1 /* Debug */ = {
			isa = XCBuildConfiguration;
			baseConfigurationReference = C483DFCEDD51363521537560 /* Pods-SortData.debug.xcconfig */;
			buildSettings = {
				ASSETCATALOG_COMPILER_APPICON_NAME = AppIcon;
				CODE_SIGN_STYLE = Automatic;
				DEVELOPMENT_TEAM = Q3BSQNXP53;
				INFOPLIST_FILE = SortData/Info.plist;
				LD_RUNPATH_SEARCH_PATHS = "$(inherited) @executable_path/Frameworks";
				PRODUCT_BUNDLE_IDENTIFIER = com.mandofin.SortData;
				PRODUCT_NAME = "$(TARGET_NAME)";
				TARGETED_DEVICE_FAMILY = "1,2";
			};
			name = Debug;
		};
		A5A4AC632004AE9800AB4EB1 /* Release */ = {
			isa = XCBuildConfiguration;
			baseConfigurationReference = 00941902661F894B7BD6AAB4 /* Pods-SortData.release.xcconfig */;
			buildSettings = {
				ASSETCATALOG_COMPILER_APPICON_NAME = AppIcon;
				CODE_SIGN_STYLE = Automatic;
				DEVELOPMENT_TEAM = Q3BSQNXP53;
				INFOPLIST_FILE = SortData/Info.plist;
				LD_RUNPATH_SEARCH_PATHS = "$(inherited) @executable_path/Frameworks";
				PRODUCT_BUNDLE_IDENTIFIER = com.mandofin.SortData;
				PRODUCT_NAME = "$(TARGET_NAME)";
				TARGETED_DEVICE_FAMILY = "1,2";
			};
			name = Release;
		};
		A5A4AC652004AE9800AB4EB1 /* Debug */ = {
			isa = XCBuildConfiguration;
			buildSettings = {
				BUNDLE_LOADER = "$(TEST_HOST)";
				CODE_SIGN_STYLE = Automatic;
				DEVELOPMENT_TEAM = Q3BSQNXP53;
				INFOPLIST_FILE = SortDataTests/Info.plist;
				LD_RUNPATH_SEARCH_PATHS = "$(inherited) @executable_path/Frameworks @loader_path/Frameworks";
				PRODUCT_BUNDLE_IDENTIFIER = com.mandofin.SortDataTests;
				PRODUCT_NAME = "$(TARGET_NAME)";
				TARGETED_DEVICE_FAMILY = "1,2";
				TEST_HOST = "$(BUILT_PRODUCTS_DIR)/SortData.app/SortData";
			};
			name = Debug;
		};
		A5A4AC662004AE9800AB4EB1 /* Release */ = {
			isa = XCBuildConfiguration;
			buildSettings = {
				BUNDLE_LOADER = "$(TEST_HOST)";
				CODE_SIGN_STYLE = Automatic;
				DEVELOPMENT_TEAM = Q3BSQNXP53;
				INFOPLIST_FILE = SortDataTests/Info.plist;
				LD_RUNPATH_SEARCH_PATHS = "$(inherited) @executable_path/Frameworks @loader_path/Frameworks";
				PRODUCT_BUNDLE_IDENTIFIER = com.mandofin.SortDataTests;
				PRODUCT_NAME = "$(TARGET_NAME)";
				TARGETED_DEVICE_FAMILY = "1,2";
				TEST_HOST = "$(BUILT_PRODUCTS_DIR)/SortData.app/SortData";
			};
			name = Release;
		};
		A5A4AC682004AE9800AB4EB1 /* Debug */ = {
			isa = XCBuildConfiguration;
			buildSettings = {
				CODE_SIGN_STYLE = Automatic;
				DEVELOPMENT_TEAM = Q3BSQNXP53;
				INFOPLIST_FILE = SortDataUITests/Info.plist;
				LD_RUNPATH_SEARCH_PATHS = "$(inherited) @executable_path/Frameworks @loader_path/Frameworks";
				PRODUCT_BUNDLE_IDENTIFIER = com.mandofin.SortDataUITests;
				PRODUCT_NAME = "$(TARGET_NAME)";
				TARGETED_DEVICE_FAMILY = "1,2";
				TEST_TARGET_NAME = SortData;
			};
			name = Debug;
		};
		A5A4AC692004AE9800AB4EB1 /* Release */ = {
			isa = XCBuildConfiguration;
			buildSettings = {
				CODE_SIGN_STYLE = Automatic;
				DEVELOPMENT_TEAM = Q3BSQNXP53;
				INFOPLIST_FILE = SortDataUITests/Info.plist;
				LD_RUNPATH_SEARCH_PATHS = "$(inherited) @executable_path/Frameworks @loader_path/Frameworks";
				PRODUCT_BUNDLE_IDENTIFIER = com.mandofin.SortDataUITests;
				PRODUCT_NAME = "$(TARGET_NAME)";
				TARGETED_DEVICE_FAMILY = "1,2";
				TEST_TARGET_NAME = SortData;
			};
			name = Release;
		};
/* End XCBuildConfiguration section */

/* Begin XCConfigurationList section */
		A5A4AC302004AE9700AB4EB1 /* Build configuration list for PBXProject "SortData" */ = {
			isa = XCConfigurationList;
			buildConfigurations = (
				A5A4AC5F2004AE9800AB4EB1 /* Debug */,
				A5A4AC602004AE9800AB4EB1 /* Release */,
			);
			defaultConfigurationIsVisible = 0;
			defaultConfigurationName = Release;
		};
		A5A4AC612004AE9800AB4EB1 /* Build configuration list for PBXNativeTarget "SortData" */ = {
			isa = XCConfigurationList;
			buildConfigurations = (
				A5A4AC622004AE9800AB4EB1 /* Debug */,
				A5A4AC632004AE9800AB4EB1 /* Release */,
			);
			defaultConfigurationIsVisible = 0;
			defaultConfigurationName = Release;
		};
		A5A4AC642004AE9800AB4EB1 /* Build configuration list for PBXNativeTarget "SortDataTests" */ = {
			isa = XCConfigurationList;
			buildConfigurations = (
				A5A4AC652004AE9800AB4EB1 /* Debug */,
				A5A4AC662004AE9800AB4EB1 /* Release */,
			);
			defaultConfigurationIsVisible = 0;
			defaultConfigurationName = Release;
		};
		A5A4AC672004AE9800AB4EB1 /* Build configuration list for PBXNativeTarget "SortDataUITests" */ = {
			isa = XCConfigurationList;
			buildConfigurations = (
				A5A4AC682004AE9800AB4EB1 /* Debug */,
				A5A4AC692004AE9800AB4EB1 /* Release */,
			);
			defaultConfigurationIsVisible = 0;
			defaultConfigurationName = Release;
		};
/* End XCConfigurationList section */
	};
	rootObject = A5A4AC2D2004AE9700AB4EB1 /* Project object */;
}
